
Microsoft Visual Studio Solution File, Format Version 12.00
# Visual Studio 15
Project("{FAE04EC0-301F-11D3-BF4B-00C04F79EFBC}") = "2DRPG", "2DRPG.csproj", "{8383BBB5-3D2E-AB3B-BB40-325D30E0F120}"
EndProject
Project("{FAE04EC0-301F-11D3-BF4B-00C04F79EFBC}") = "2DRPG.Editor", "2DRPG.Editor.csproj", "{8B8E25A5-17A2-747D-A21E-8373E00479BA}"
EndProject
Global
	GlobalSection(SolutionConfigurationPlatforms) = preSolution
		Debug|Any CPU = Debug|Any CPU
		Release|Any CPU = Release|Any CPU
	EndGlobalSection
	GlobalSection(ProjectConfigurationPlatforms) = postSolution
		{8383BBB5-3D2E-AB3B-BB40-325D30E0F120}.Debug|Any CPU.ActiveCfg = Debug|Any CPU
		{8383BBB5-3D2E-AB3B-BB40-325D30E0F120}.Debug|Any CPU.Build.0 = Debug|Any CPU
		{8383BBB5-3D2E-AB3B-BB40-325D30E0F120}.Release|Any CPU.ActiveCfg = Release|Any CPU
		{8383BBB5-3D2E-AB3B-BB40-325D30E0F120}.Release|Any CPU.Build.0 = Release|Any CPU
		{8B8E25A5-17A2-747D-A21E-8373E00479BA}.Debug|Any CPU.ActiveCfg = Debug|Any CPU
		{8B8E25A5-17A2-747D-A21E-8373E00479BA}.Debug|Any CPU.Build.0 = Debug|Any CPU
		{8B8E25A5-17A2-747D-A21E-8373E00479BA}.Release|Any CPU.ActiveCfg = Release|Any CPU
		{8B8E25A5-17A2-747D-A21E-8373E00479BA}.Release|Any CPU.Build.0 = Release|Any CPU
	EndGlobalSection
	GlobalSection(SolutionProperties) = preSolution
		HideSolutionNode = FALSE
	EndGlobalSection
EndGlobal
